
Microsoft Visual Studio Solution File, Format Version 12.00
# Visual Studio Version 17
VisualStudioVersion = 17.4.33213.308
MinimumVisualStudioVersion = 10.0.40219.1
Project("{2150E333-8FDC-42A3-9474-1A3956D46DE8}") = "Services", "Services", "{A7EDBAA8-F658-40DC-9A92-9086498668BA}"
EndProject
Project("{FAE04EC0-301F-11D3-BF4B-00C04F79EFBC}") = "PhoneBookService", "PhoneBookService\PhoneBookService.csproj", "{A55EAE8D-4CF9-44F4-BC85-330FD7CE797A}"
EndProject
Project("{FAE04EC0-301F-11D3-BF4B-00C04F79EFBC}") = "ReportService", "ReportService\ReportService.csproj", "{5CC0844C-9BBC-4DE9-9A0A-C7EE4FF3B852}"
EndProject
Global
	GlobalSection(SolutionConfigurationPlatforms) = preSolution
		Debug|Any CPU = Debug|Any CPU
		Release|Any CPU = Release|Any CPU
	EndGlobalSection
	GlobalSection(ProjectConfigurationPlatforms) = postSolution
		{A55EAE8D-4CF9-44F4-BC85-330FD7CE797A}.Debug|Any CPU.ActiveCfg = Debug|Any CPU
		{A55EAE8D-4CF9-44F4-BC85-330FD7CE797A}.Debug|Any CPU.Build.0 = Debug|Any CPU
		{A55EAE8D-4CF9-44F4-BC85-330FD7CE797A}.Release|Any CPU.ActiveCfg = Release|Any CPU
		{A55EAE8D-4CF9-44F4-BC85-330FD7CE797A}.Release|Any CPU.Build.0 = Release|Any CPU
		{5CC0844C-9BBC-4DE9-9A0A-C7EE4FF3B852}.Debug|Any CPU.ActiveCfg = Debug|Any CPU
		{5CC0844C-9BBC-4DE9-9A0A-C7EE4FF3B852}.Debug|Any CPU.Build.0 = Debug|Any CPU
		{5CC0844C-9BBC-4DE9-9A0A-C7EE4FF3B852}.Release|Any CPU.ActiveCfg = Release|Any CPU
		{5CC0844C-9BBC-4DE9-9A0A-C7EE4FF3B852}.Release|Any CPU.Build.0 = Release|Any CPU
	EndGlobalSection
	GlobalSection(SolutionProperties) = preSolution
		HideSolutionNode = FALSE
	EndGlobalSection
	GlobalSection(NestedProjects) = preSolution
		{A55EAE8D-4CF9-44F4-BC85-330FD7CE797A} = {A7EDBAA8-F658-40DC-9A92-9086498668BA}
		{5CC0844C-9BBC-4DE9-9A0A-C7EE4FF3B852} = {A7EDBAA8-F658-40DC-9A92-9086498668BA}
	EndGlobalSection
	GlobalSection(ExtensibilityGlobals) = postSolution
		SolutionGuid = {3EEBA8B0-7244-440F-A274-32CFE4E9A68C}
	EndGlobalSection
EndGlobal
